
Microsoft Visual Studio Solution File, Format Version 12.00
# Visual Studio Version 16
VisualStudioVersion = 16.0.30621.155
MinimumVisualStudioVersion = 10.0.40219.1
Project("{9A19103F-16F7-4668-BE54-9A1E7A4F7556}") = "PrimeNumber", "PrimeNumber\PrimeNumber.csproj", "{3239CC50-8B5C-473B-8E84-DFA6462BE8DB}"
EndProject
Project("{FAE04EC0-301F-11D3-BF4B-00C04F79EFBC}") = "RecapDemo1", "RecapDemo1\RecapDemo1.csproj", "{94457F9D-76E6-42AD-97AC-7922C8200DE4}"
EndProject
Project("{FAE04EC0-301F-11D3-BF4B-00C04F79EFBC}") = "RecapDemo2", "RecapDemo2\RecapDemo2.csproj", "{844D7CCD-B80E-4946-989A-A1BFAF271EC5}"
EndProject
Global
	GlobalSection(SolutionConfigurationPlatforms) = preSolution
		Debug|Any CPU = Debug|Any CPU
		Release|Any CPU = Release|Any CPU
	EndGlobalSection
	GlobalSection(ProjectConfigurationPlatforms) = postSolution
		{3239CC50-8B5C-473B-8E84-DFA6462BE8DB}.Debug|Any CPU.ActiveCfg = Debug|Any CPU
		{3239CC50-8B5C-473B-8E84-DFA6462BE8DB}.Debug|Any CPU.Build.0 = Debug|Any CPU
		{3239CC50-8B5C-473B-8E84-DFA6462BE8DB}.Release|Any CPU.ActiveCfg = Release|Any CPU
		{3239CC50-8B5C-473B-8E84-DFA6462BE8DB}.Release|Any CPU.Build.0 = Release|Any CPU
		{94457F9D-76E6-42AD-97AC-7922C8200DE4}.Debug|Any CPU.ActiveCfg = Debug|Any CPU
		{94457F9D-76E6-42AD-97AC-7922C8200DE4}.Debug|Any CPU.Build.0 = Debug|Any CPU
		{94457F9D-76E6-42AD-97AC-7922C8200DE4}.Release|Any CPU.ActiveCfg = Release|Any CPU
		{94457F9D-76E6-42AD-97AC-7922C8200DE4}.Release|Any CPU.Build.0 = Release|Any CPU
		{844D7CCD-B80E-4946-989A-A1BFAF271EC5}.Debug|Any CPU.ActiveCfg = Debug|Any CPU
		{844D7CCD-B80E-4946-989A-A1BFAF271EC5}.Debug|Any CPU.Build.0 = Debug|Any CPU
		{844D7CCD-B80E-4946-989A-A1BFAF271EC5}.Release|Any CPU.ActiveCfg = Release|Any CPU
		{844D7CCD-B80E-4946-989A-A1BFAF271EC5}.Release|Any CPU.Build.0 = Release|Any CPU
	EndGlobalSection
	GlobalSection(SolutionProperties) = preSolution
		HideSolutionNode = FALSE
	EndGlobalSection
	GlobalSection(ExtensibilityGlobals) = postSolution
		SolutionGuid = {E107D046-5C83-4F42-998A-91BEA11B09C3}
	EndGlobalSection
EndGlobal
