
Microsoft Visual Studio Solution File, Format Version 12.00
# Visual Studio Version 16
VisualStudioVersion = 16.0.30621.155
MinimumVisualStudioVersion = 10.0.40219.1
Project("{9A19103F-16F7-4668-BE54-9A1E7A4F7556}") = "PrimeNumber", "PrimeNumber\PrimeNumber.csproj", "{3239CC50-8B5C-473B-8E84-DFA6462BE8DB}"
EndProject
Project("{FAE04EC0-301F-11D3-BF4B-00C04F79EFBC}") = "RecapDemo1", "RecapDemo1\RecapDemo1.csproj", "{94457F9D-76E6-42AD-97AC-7922C8200DE4}"
EndProject
Project("{FAE04EC0-301F-11D3-BF4B-00C04F79EFBC}") = "RecapDemo2", "RecapDemo2\RecapDemo2.csproj", "{844D7CCD-B80E-4946-989A-A1BFAF271EC5}"
EndProject
Project("{FAE04EC0-301F-11D3-BF4B-00C04F79EFBC}") = "Strings", "Strings\Strings.csproj", "{EAD8ED28-F336-47F7-BC0E-3C587217806F}"
EndProject
Project("{FAE04EC0-301F-11D3-BF4B-00C04F79EFBC}") = "StringMethods", "StringMethods\StringMethods.csproj", "{A7648FB5-18CB-4F06-BE44-DBD7ADD0342B}"
EndProject
Project("{FAE04EC0-301F-11D3-BF4B-00C04F79EFBC}") = "Classes", "Classes\Classes.csproj", "{B6AA1459-FCB2-41E6-9FC7-300DF93BAA86}"
EndProject
Project("{FAE04EC0-301F-11D3-BF4B-00C04F79EFBC}") = "Interfaces", "Interfaces\Interfaces.csproj", "{47FD2C47-7038-4D46-A4A2-B49F194F2AAD}"
EndProject
Project("{FAE04EC0-301F-11D3-BF4B-00C04F79EFBC}") = "InterfacesDemo", "InterfacesDemo\InterfacesDemo.csproj", "{8D375AF9-46FB-43B0-9AA7-E8E00F03C7D0}"
EndProject
Project("{FAE04EC0-301F-11D3-BF4B-00C04F79EFBC}") = "Inheritance", "Inheritance\Inheritance.csproj", "{15FDE022-E905-4899-ADC8-41160A8E7FEA}"
EndProject
Project("{FAE04EC0-301F-11D3-BF4B-00C04F79EFBC}") = "VirtualMethod", "VirtualMethod\VirtualMethod.csproj", "{6B993C72-95CD-425F-BECB-6CB2EC593B03}"
EndProject
Project("{FAE04EC0-301F-11D3-BF4B-00C04F79EFBC}") = "AbstractClasses", "AbstractClasses\AbstractClasses.csproj", "{DA3078D3-2E88-4614-BC59-41D53E79557E}"
EndProject
Global
	GlobalSection(SolutionConfigurationPlatforms) = preSolution
		Debug|Any CPU = Debug|Any CPU
		Release|Any CPU = Release|Any CPU
	EndGlobalSection
	GlobalSection(ProjectConfigurationPlatforms) = postSolution
		{3239CC50-8B5C-473B-8E84-DFA6462BE8DB}.Debug|Any CPU.ActiveCfg = Debug|Any CPU
		{3239CC50-8B5C-473B-8E84-DFA6462BE8DB}.Debug|Any CPU.Build.0 = Debug|Any CPU
		{3239CC50-8B5C-473B-8E84-DFA6462BE8DB}.Release|Any CPU.ActiveCfg = Release|Any CPU
		{3239CC50-8B5C-473B-8E84-DFA6462BE8DB}.Release|Any CPU.Build.0 = Release|Any CPU
		{94457F9D-76E6-42AD-97AC-7922C8200DE4}.Debug|Any CPU.ActiveCfg = Debug|Any CPU
		{94457F9D-76E6-42AD-97AC-7922C8200DE4}.Debug|Any CPU.Build.0 = Debug|Any CPU
		{94457F9D-76E6-42AD-97AC-7922C8200DE4}.Release|Any CPU.ActiveCfg = Release|Any CPU
		{94457F9D-76E6-42AD-97AC-7922C8200DE4}.Release|Any CPU.Build.0 = Release|Any CPU
		{844D7CCD-B80E-4946-989A-A1BFAF271EC5}.Debug|Any CPU.ActiveCfg = Debug|Any CPU
		{844D7CCD-B80E-4946-989A-A1BFAF271EC5}.Debug|Any CPU.Build.0 = Debug|Any CPU
		{844D7CCD-B80E-4946-989A-A1BFAF271EC5}.Release|Any CPU.ActiveCfg = Release|Any CPU
		{844D7CCD-B80E-4946-989A-A1BFAF271EC5}.Release|Any CPU.Build.0 = Release|Any CPU
		{EAD8ED28-F336-47F7-BC0E-3C587217806F}.Debug|Any CPU.ActiveCfg = Debug|Any CPU
		{EAD8ED28-F336-47F7-BC0E-3C587217806F}.Debug|Any CPU.Build.0 = Debug|Any CPU
		{EAD8ED28-F336-47F7-BC0E-3C587217806F}.Release|Any CPU.ActiveCfg = Release|Any CPU
		{EAD8ED28-F336-47F7-BC0E-3C587217806F}.Release|Any CPU.Build.0 = Release|Any CPU
		{A7648FB5-18CB-4F06-BE44-DBD7ADD0342B}.Debug|Any CPU.ActiveCfg = Debug|Any CPU
		{A7648FB5-18CB-4F06-BE44-DBD7ADD0342B}.Debug|Any CPU.Build.0 = Debug|Any CPU
		{A7648FB5-18CB-4F06-BE44-DBD7ADD0342B}.Release|Any CPU.ActiveCfg = Release|Any CPU
		{A7648FB5-18CB-4F06-BE44-DBD7ADD0342B}.Release|Any CPU.Build.0 = Release|Any CPU
		{B6AA1459-FCB2-41E6-9FC7-300DF93BAA86}.Debug|Any CPU.ActiveCfg = Debug|Any CPU
		{B6AA1459-FCB2-41E6-9FC7-300DF93BAA86}.Debug|Any CPU.Build.0 = Debug|Any CPU
		{B6AA1459-FCB2-41E6-9FC7-300DF93BAA86}.Release|Any CPU.ActiveCfg = Release|Any CPU
		{B6AA1459-FCB2-41E6-9FC7-300DF93BAA86}.Release|Any CPU.Build.0 = Release|Any CPU
		{47FD2C47-7038-4D46-A4A2-B49F194F2AAD}.Debug|Any CPU.ActiveCfg = Debug|Any CPU
		{47FD2C47-7038-4D46-A4A2-B49F194F2AAD}.Debug|Any CPU.Build.0 = Debug|Any CPU
		{47FD2C47-7038-4D46-A4A2-B49F194F2AAD}.Release|Any CPU.ActiveCfg = Release|Any CPU
		{47FD2C47-7038-4D46-A4A2-B49F194F2AAD}.Release|Any CPU.Build.0 = Release|Any CPU
		{8D375AF9-46FB-43B0-9AA7-E8E00F03C7D0}.Debug|Any CPU.ActiveCfg = Debug|Any CPU
		{8D375AF9-46FB-43B0-9AA7-E8E00F03C7D0}.Debug|Any CPU.Build.0 = Debug|Any CPU
		{8D375AF9-46FB-43B0-9AA7-E8E00F03C7D0}.Release|Any CPU.ActiveCfg = Release|Any CPU
		{8D375AF9-46FB-43B0-9AA7-E8E00F03C7D0}.Release|Any CPU.Build.0 = Release|Any CPU
		{15FDE022-E905-4899-ADC8-41160A8E7FEA}.Debug|Any CPU.ActiveCfg = Debug|Any CPU
		{15FDE022-E905-4899-ADC8-41160A8E7FEA}.Debug|Any CPU.Build.0 = Debug|Any CPU
		{15FDE022-E905-4899-ADC8-41160A8E7FEA}.Release|Any CPU.ActiveCfg = Release|Any CPU
		{15FDE022-E905-4899-ADC8-41160A8E7FEA}.Release|Any CPU.Build.0 = Release|Any CPU
		{6B993C72-95CD-425F-BECB-6CB2EC593B03}.Debug|Any CPU.ActiveCfg = Debug|Any CPU
		{6B993C72-95CD-425F-BECB-6CB2EC593B03}.Debug|Any CPU.Build.0 = Debug|Any CPU
		{6B993C72-95CD-425F-BECB-6CB2EC593B03}.Release|Any CPU.ActiveCfg = Release|Any CPU
		{6B993C72-95CD-425F-BECB-6CB2EC593B03}.Release|Any CPU.Build.0 = Release|Any CPU
		{DA3078D3-2E88-4614-BC59-41D53E79557E}.Debug|Any CPU.ActiveCfg = Debug|Any CPU
		{DA3078D3-2E88-4614-BC59-41D53E79557E}.Debug|Any CPU.Build.0 = Debug|Any CPU
		{DA3078D3-2E88-4614-BC59-41D53E79557E}.Release|Any CPU.ActiveCfg = Release|Any CPU
		{DA3078D3-2E88-4614-BC59-41D53E79557E}.Release|Any CPU.Build.0 = Release|Any CPU
	EndGlobalSection
	GlobalSection(SolutionProperties) = preSolution
		HideSolutionNode = FALSE
	EndGlobalSection
	GlobalSection(ExtensibilityGlobals) = postSolution
		SolutionGuid = {E107D046-5C83-4F42-998A-91BEA11B09C3}
	EndGlobalSection
EndGlobal
